PODS:
  - GoogleAPIClientForREST/Calendar (1.2.1):
    - GoogleAPIClientForREST/Core
    - GTMSessionFetcher (>= 1.1.7)
  - GoogleAPIClientForREST/Core (1.2.1):
    - GTMSessionFetcher (>= 1.1.7)
  - GTMSessionFetcher (1.4.0):
    - GTMSessionFetcher/Full (= 1.4.0)
  - GTMSessionFetcher/Core (1.4.0)
  - GTMSessionFetcher/Full (1.4.0):
    - GTMSessionFetcher/Core (= 1.4.0)
  - p2.OAuth2 (5.0.0)
  - SwiftyJSON (5.0.0)

DEPENDENCIES:
  - GoogleAPIClientForREST/Calendar (~> 1.2.1)
  - p2.OAuth2
  - SwiftyJSON

SPEC REPOS:
  trunk:
    - GoogleAPIClientForREST
    - GTMSessionFetcher
    - p2.OAuth2
    - SwiftyJSON

SPEC CHECKSUMS:
  GoogleAPIClientForREST: a8b95a252014ce2e618df6b75dc72eca2c00b4af
  GTMSessionFetcher: 6f5c8abbab8a9bce4bb3f057e317728ec6182b10
  p2.OAuth2: 5d203b46c2857b4bbcca3e521089959e7b3b5a5c
  SwiftyJSON: 36413e04c44ee145039d332b4f4e2d3e8d6c4db7

PODFILE CHECKSUM: c93b1bd48aa18d0e115241960fcaa8d5cf9062d5

COCOAPODS: 1.8.4
