// !$*UTF8*$!
{
	archiveVersion = 1;
	classes = {
	};
	objectVersion = 52;
	objects = {

/* Begin PBXBuildFile section */
		047A86CD2009A6FF005A46BF /* GoogleService-Info.plist in Resources */ = {isa = PBXBuildFile; fileRef = 047A86CC2009A6FF005A46BF /* GoogleService-Info.plist */; };
		049210E6203E632C007C324D /* arrow.png in Resources */ = {isa = PBXBuildFile; fileRef = 049210E5203E632C007C324D /* arrow.png */; };
		04A7B3512123AAA80026E954 /* CalendarInteractor.swift in Sources */ = {isa = PBXBuildFile; fileRef = 04A7B3502123AAA80026E954 /* CalendarInteractor.swift */; };
		04AC6F732032146B00ED80D9 /* Images.xcassets in Resources */ = {isa = PBXBuildFile; fileRef = 04AC6F722032146B00ED80D9 /* Images.xcassets */; };
		04E1F509201010AC00EC2291 /* EventKit.framework in Frameworks */ = {isa = PBXBuildFile; fileRef = 04E1F508201010AC00EC2291 /* EventKit.framework */; };
		04F2A46A20E58F52003605A9 /* GoogleInteractor.swift in Sources */ = {isa = PBXBuildFile; fileRef = 04F2A46920E58F52003605A9 /* GoogleInteractor.swift */; };
		898B9BBC8945069A0D3B2233 /* Pods_Calendar_to_Calendar.framework in Frameworks */ = {isa = PBXBuildFile; fileRef = F144E4611A9C784E2BA75393 /* Pods_Calendar_to_Calendar.framework */; };
		A019F9F9291C899B00477074 /* EventListView.swift in Sources */ = {isa = PBXBuildFile; fileRef = A019F9F8291C899B00477074 /* EventListView.swift */; };
		A019F9FB291CA0B900477074 /* BottomSheet.swift in Sources */ = {isa = PBXBuildFile; fileRef = A019F9FA291CA0B900477074 /* BottomSheet.swift */; };
		A0298D15227A069B000C5BBE /* CurrentServer.swift in Sources */ = {isa = PBXBuildFile; fileRef = A0298D14227A069B000C5BBE /* CurrentServer.swift */; };
		A031E4A7249F01040030D08F /* Event.swift in Sources */ = {isa = PBXBuildFile; fileRef = 04C9A99F207C4AD800E595A7 /* Event.swift */; };
		A031E4AB249F01410030D08F /* AppDelegate.swift in Sources */ = {isa = PBXBuildFile; fileRef = 04D763F820097D8D006CA589 /* AppDelegate.swift */; };
		A031E4AF249F01810030D08F /* Calendar.swift in Sources */ = {isa = PBXBuildFile; fileRef = 04A7B34A2121FD070026E954 /* Calendar.swift */; };
		A031E4B1249F01960030D08F /* OutlookInteractor.swift in Sources */ = {isa = PBXBuildFile; fileRef = 04A7B3542123AEC80026E954 /* OutlookInteractor.swift */; };
		A051A69D291DD6CD00541B0C /* EventRequestView.swift in Sources */ = {isa = PBXBuildFile; fileRef = A051A69C291DD6CD00541B0C /* EventRequestView.swift */; };
		A051A6A0291EA6A300541B0C /* CircularButton.swift in Sources */ = {isa = PBXBuildFile; fileRef = A051A69F291EA6A300541B0C /* CircularButton.swift */; };
		A051A6A2291EA78000541B0C /* LabelHeader.swift in Sources */ = {isa = PBXBuildFile; fileRef = A051A6A1291EA78000541B0C /* LabelHeader.swift */; };
		A051A6A4291EA7A300541B0C /* ConfigurationRow.swift in Sources */ = {isa = PBXBuildFile; fileRef = A051A6A3291EA7A300541B0C /* ConfigurationRow.swift */; };
		A051A6A6291EA7FE00541B0C /* DatePicker.swift in Sources */ = {isa = PBXBuildFile; fileRef = A051A6A5291EA7FE00541B0C /* DatePicker.swift */; };
		A051A6A8291EA85200541B0C /* Toggle.swift in Sources */ = {isa = PBXBuildFile; fileRef = A051A6A7291EA85200541B0C /* Toggle.swift */; };
		A051A6AA291EA88700541B0C /* ConfigurationView.swift in Sources */ = {isa = PBXBuildFile; fileRef = A051A6A9291EA88700541B0C /* ConfigurationView.swift */; };
		A051A6AC291EF96100541B0C /* EventRequestingView.swift in Sources */ = {isa = PBXBuildFile; fileRef = A051A6AB291EF96100541B0C /* EventRequestingView.swift */; };
		A051A6AE291F057C00541B0C /* MainView.swift in Sources */ = {isa = PBXBuildFile; fileRef = A051A6AD291F057C00541B0C /* MainView.swift */; };
		A051A6B0291F064C00541B0C /* LoginScreen.swift in Sources */ = {isa = PBXBuildFile; fileRef = A051A6AF291F064C00541B0C /* LoginScreen.swift */; };
		A051A6B2291FF28E00541B0C /* ExportFlowLandingPage.swift in Sources */ = {isa = PBXBuildFile; fileRef = A051A6B1291FF28E00541B0C /* ExportFlowLandingPage.swift */; };
		A051A6B729230DB300541B0C /* EventSaver.swift in Sources */ = {isa = PBXBuildFile; fileRef = A051A6B629230DB200541B0C /* EventSaver.swift */; };
		A051A6B92924549900541B0C /* BackgroundGradient.swift in Sources */ = {isa = PBXBuildFile; fileRef = A051A6B82924549900541B0C /* BackgroundGradient.swift */; };
		A051A6BB2936E93600541B0C /* EnvironmentValues+Color.swift in Sources */ = {isa = PBXBuildFile; fileRef = A051A6BA2936E93500541B0C /* EnvironmentValues+Color.swift */; };
		A051A6BD2936ECD100541B0C /* OnboardingViews.swift in Sources */ = {isa = PBXBuildFile; fileRef = A051A6BC2936ECD100541B0C /* OnboardingViews.swift */; };
		A051A6BF2939A01E00541B0C /* EventSorter.swift in Sources */ = {isa = PBXBuildFile; fileRef = A051A6BE2939A01E00541B0C /* EventSorter.swift */; };
		A0590BFE293AEAE200EC8720 /* GoogleSignInSwift in Frameworks */ = {isa = PBXBuildFile; productRef = A0590BFD293AEAE200EC8720 /* GoogleSignInSwift */; };
		A0590C00293AEC4500EC8720 /* GoogleSignIn in Frameworks */ = {isa = PBXBuildFile; productRef = A0590BFF293AEC4500EC8720 /* GoogleSignIn */; };
		A0949B2029453A60009A2A9B /* BackgroundSyncRequest.swift in Sources */ = {isa = PBXBuildFile; fileRef = A0949B1F29453A60009A2A9B /* BackgroundSyncRequest.swift */; };
		A0949B2229453B17009A2A9B /* BackgroundSyncPerformer.swift in Sources */ = {isa = PBXBuildFile; fileRef = A0949B2129453B17009A2A9B /* BackgroundSyncPerformer.swift */; };
		A0949B2429453C58009A2A9B /* BackgroundSyncSaver.swift in Sources */ = {isa = PBXBuildFile; fileRef = A0949B2329453C58009A2A9B /* BackgroundSyncSaver.swift */; };
/* End PBXBuildFile section */

/* Begin PBXFileReference section */
		047A86CC2009A6FF005A46BF /* GoogleService-Info.plist */ = {isa = PBXFileReference; fileEncoding = 4; lastKnownFileType = text.plist.xml; path = "GoogleService-Info.plist"; sourceTree = "<group>"; };
		049210E5203E632C007C324D /* arrow.png */ = {isa = PBXFileReference; lastKnownFileType = image.png; path = arrow.png; sourceTree = "<group>"; };
		049210E9203E63B9007C324D /* CalendarApp.png */ = {isa = PBXFileReference; lastKnownFileType = image.png; path = CalendarApp.png; sourceTree = "<group>"; };
		04A7B34A2121FD070026E954 /* Calendar.swift */ = {isa = PBXFileReference; lastKnownFileType = sourcecode.swift; path = Calendar.swift; sourceTree = "<group>"; };
		04A7B3502123AAA80026E954 /* CalendarInteractor.swift */ = {isa = PBXFileReference; lastKnownFileType = sourcecode.swift; path = CalendarInteractor.swift; sourceTree = "<group>"; };
		04A7B3542123AEC80026E954 /* OutlookInteractor.swift */ = {isa = PBXFileReference; lastKnownFileType = sourcecode.swift; path = OutlookInteractor.swift; sourceTree = "<group>"; };
		04AC6F722032146B00ED80D9 /* Images.xcassets */ = {isa = PBXFileReference; lastKnownFileType = folder.assetcatalog; path = Images.xcassets; sourceTree = "<group>"; };
		04B35DA121019718008DDDA2 /* Calendar to Calendar.entitlements */ = {isa = PBXFileReference; lastKnownFileType = text.plist.entitlements; path = "Calendar to Calendar.entitlements"; sourceTree = "<group>"; };
		04C9A99F207C4AD800E595A7 /* Event.swift */ = {isa = PBXFileReference; lastKnownFileType = sourcecode.swift; path = Event.swift; sourceTree = "<group>"; };
		04D763F520097D8D006CA589 /* Calendar to Calendar.app */ = {isa = PBXFileReference; explicitFileType = wrapper.application; includeInIndex = 0; path = "Calendar to Calendar.app"; sourceTree = BUILT_PRODUCTS_DIR; };
		04D763F820097D8D006CA589 /* AppDelegate.swift */ = {isa = PBXFileReference; lastKnownFileType = sourcecode.swift; path = AppDelegate.swift; sourceTree = "<group>"; };
		04D7640420097D8D006CA589 /* Info.plist */ = {isa = PBXFileReference; lastKnownFileType = text.plist.xml; path = Info.plist; sourceTree = "<group>"; };
		04E1F508201010AC00EC2291 /* EventKit.framework */ = {isa = PBXFileReference; lastKnownFileType = wrapper.framework; name = EventKit.framework; path = System/Library/Frameworks/EventKit.framework; sourceTree = SDKROOT; };
		04F2A46920E58F52003605A9 /* GoogleInteractor.swift */ = {isa = PBXFileReference; lastKnownFileType = sourcecode.swift; path = GoogleInteractor.swift; sourceTree = "<group>"; };
		783B112BEE4ADF0B25397DF0 /* Pods-Calendar to Calendar.debug.xcconfig */ = {isa = PBXFileReference; includeInIndex = 1; lastKnownFileType = text.xcconfig; name = "Pods-Calendar to Calendar.debug.xcconfig"; path = "Pods/Target Support Files/Pods-Calendar to Calendar/Pods-Calendar to Calendar.debug.xcconfig"; sourceTree = "<group>"; };
		A019F9F8291C899B00477074 /* EventListView.swift */ = {isa = PBXFileReference; lastKnownFileType = sourcecode.swift; path = EventListView.swift; sourceTree = "<group>"; };
		A019F9FA291CA0B900477074 /* BottomSheet.swift */ = {isa = PBXFileReference; lastKnownFileType = sourcecode.swift; path = BottomSheet.swift; sourceTree = "<group>"; };
		A0298D14227A069B000C5BBE /* CurrentServer.swift */ = {isa = PBXFileReference; lastKnownFileType = sourcecode.swift; path = CurrentServer.swift; sourceTree = "<group>"; };
		A051A69C291DD6CD00541B0C /* EventRequestView.swift */ = {isa = PBXFileReference; lastKnownFileType = sourcecode.swift; path = EventRequestView.swift; sourceTree = "<group>"; };
		A051A69F291EA6A300541B0C /* CircularButton.swift */ = {isa = PBXFileReference; lastKnownFileType = sourcecode.swift; path = CircularButton.swift; sourceTree = "<group>"; };
		A051A6A1291EA78000541B0C /* LabelHeader.swift */ = {isa = PBXFileReference; lastKnownFileType = sourcecode.swift; path = LabelHeader.swift; sourceTree = "<group>"; };
		A051A6A3291EA7A300541B0C /* ConfigurationRow.swift */ = {isa = PBXFileReference; lastKnownFileType = sourcecode.swift; path = ConfigurationRow.swift; sourceTree = "<group>"; };
		A051A6A5291EA7FE00541B0C /* DatePicker.swift */ = {isa = PBXFileReference; lastKnownFileType = sourcecode.swift; path = DatePicker.swift; sourceTree = "<group>"; };
		A051A6A7291EA85200541B0C /* Toggle.swift */ = {isa = PBXFileReference; lastKnownFileType = sourcecode.swift; path = Toggle.swift; sourceTree = "<group>"; };
		A051A6A9291EA88700541B0C /* ConfigurationView.swift */ = {isa = PBXFileReference; lastKnownFileType = sourcecode.swift; path = ConfigurationView.swift; sourceTree = "<group>"; };
		A051A6AB291EF96100541B0C /* EventRequestingView.swift */ = {isa = PBXFileReference; lastKnownFileType = sourcecode.swift; path = EventRequestingView.swift; sourceTree = "<group>"; };
		A051A6AD291F057C00541B0C /* MainView.swift */ = {isa = PBXFileReference; lastKnownFileType = sourcecode.swift; path = MainView.swift; sourceTree = "<group>"; };
		A051A6AF291F064C00541B0C /* LoginScreen.swift */ = {isa = PBXFileReference; lastKnownFileType = sourcecode.swift; path = LoginScreen.swift; sourceTree = "<group>"; };
		A051A6B1291FF28E00541B0C /* ExportFlowLandingPage.swift */ = {isa = PBXFileReference; lastKnownFileType = sourcecode.swift; path = ExportFlowLandingPage.swift; sourceTree = "<group>"; };
		A051A6B629230DB200541B0C /* EventSaver.swift */ = {isa = PBXFileReference; lastKnownFileType = sourcecode.swift; path = EventSaver.swift; sourceTree = "<group>"; };
		A051A6B82924549900541B0C /* BackgroundGradient.swift */ = {isa = PBXFileReference; lastKnownFileType = sourcecode.swift; path = BackgroundGradient.swift; sourceTree = "<group>"; };
		A051A6BA2936E93500541B0C /* EnvironmentValues+Color.swift */ = {isa = PBXFileReference; lastKnownFileType = sourcecode.swift; path = "EnvironmentValues+Color.swift"; sourceTree = "<group>"; };
		A051A6BC2936ECD100541B0C /* OnboardingViews.swift */ = {isa = PBXFileReference; lastKnownFileType = sourcecode.swift; path = OnboardingViews.swift; sourceTree = "<group>"; };
		A051A6BE2939A01E00541B0C /* EventSorter.swift */ = {isa = PBXFileReference; lastKnownFileType = sourcecode.swift; path = EventSorter.swift; sourceTree = "<group>"; };
		A07289BB212F899D00B72E53 /* StoreKit.framework */ = {isa = PBXFileReference; lastKnownFileType = wrapper.framework; name = StoreKit.framework; path = System/Library/Frameworks/StoreKit.framework; sourceTree = SDKROOT; };
		A07289BF212F8D3900B72E53 /* AdFreeDelegate.swift */ = {isa = PBXFileReference; lastKnownFileType = sourcecode.swift; path = AdFreeDelegate.swift; sourceTree = "<group>"; };
		A0949B1F29453A60009A2A9B /* BackgroundSyncRequest.swift */ = {isa = PBXFileReference; lastKnownFileType = sourcecode.swift; path = BackgroundSyncRequest.swift; sourceTree = "<group>"; };
		A0949B2129453B17009A2A9B /* BackgroundSyncPerformer.swift */ = {isa = PBXFileReference; lastKnownFileType = sourcecode.swift; path = BackgroundSyncPerformer.swift; sourceTree = "<group>"; };
		A0949B2329453C58009A2A9B /* BackgroundSyncSaver.swift */ = {isa = PBXFileReference; lastKnownFileType = sourcecode.swift; path = BackgroundSyncSaver.swift; sourceTree = "<group>"; };
		CA37D7C2630204D34F8510B9 /* Pods-QuickstartApp.release.xcconfig */ = {isa = PBXFileReference; includeInIndex = 1; lastKnownFileType = text.xcconfig; name = "Pods-QuickstartApp.release.xcconfig"; path = "Pods/Target Support Files/Pods-QuickstartApp/Pods-QuickstartApp.release.xcconfig"; sourceTree = "<group>"; };
		F144E4611A9C784E2BA75393 /* Pods_Calendar_to_Calendar.framework */ = {isa = PBXFileReference; explicitFileType = wrapper.framework; includeInIndex = 0; path = Pods_Calendar_to_Calendar.framework; sourceTree = BUILT_PRODUCTS_DIR; };
		F6FE0580215CCAE3D3DF0619 /* Pods-Calendar to Calendar.release.xcconfig */ = {isa = PBXFileReference; includeInIndex = 1; lastKnownFileType = text.xcconfig; name = "Pods-Calendar to Calendar.release.xcconfig"; path = "Pods/Target Support Files/Pods-Calendar to Calendar/Pods-Calendar to Calendar.release.xcconfig"; sourceTree = "<group>"; };
		F8D8F50314E05242887E9956 /* Pods-QuickstartApp.debug.xcconfig */ = {isa = PBXFileReference; includeInIndex = 1; lastKnownFileType = text.xcconfig; name = "Pods-QuickstartApp.debug.xcconfig"; path = "Pods/Target Support Files/Pods-QuickstartApp/Pods-QuickstartApp.debug.xcconfig"; sourceTree = "<group>"; };
/* End PBXFileReference section */

/* Begin PBXFrameworksBuildPhase section */
		04D763F220097D8D006CA589 /* Frameworks */ = {
			isa = PBXFrameworksBuildPhase;
			buildActionMask = 2147483647;
			files = (
				A0590BFE293AEAE200EC8720 /* GoogleSignInSwift in Frameworks */,
				A0590C00293AEC4500EC8720 /* GoogleSignIn in Frameworks */,
				04E1F509201010AC00EC2291 /* EventKit.framework in Frameworks */,
				898B9BBC8945069A0D3B2233 /* Pods_Calendar_to_Calendar.framework in Frameworks */,
			);
			runOnlyForDeploymentPostprocessing = 0;
		};
/* End PBXFrameworksBuildPhase section */

/* Begin PBXGroup section */
		04D2328D20FD4AA100C71C72 /* Data Structures */ = {
			isa = PBXGroup;
			children = (
				04C9A99F207C4AD800E595A7 /* Event.swift */,
				04A7B34A2121FD070026E954 /* Calendar.swift */,
			);
			path = "Data Structures";
			sourceTree = "<group>";
		};
		04D2328E20FD4AC600C71C72 /* Data Creators */ = {
			isa = PBXGroup;
			children = (
				04F2A46920E58F52003605A9 /* GoogleInteractor.swift */,
				04A7B3502123AAA80026E954 /* CalendarInteractor.swift */,
				04A7B3542123AEC80026E954 /* OutlookInteractor.swift */,
				A0298D14227A069B000C5BBE /* CurrentServer.swift */,
			);
			path = "Data Creators";
			sourceTree = "<group>";
		};
		04D2328F20FD4B1000C71C72 /* Images */ = {
			isa = PBXGroup;
			children = (
				04AC6F722032146B00ED80D9 /* Images.xcassets */,
				049210E5203E632C007C324D /* arrow.png */,
				049210E9203E63B9007C324D /* CalendarApp.png */,
			);
			path = Images;
			sourceTree = "<group>";
		};
		04D763EC20097D8D006CA589 = {
			isa = PBXGroup;
			children = (
				047A86CC2009A6FF005A46BF /* GoogleService-Info.plist */,
				04D763F720097D8D006CA589 /* Calendar to Calendar */,
				04D763F620097D8D006CA589 /* Products */,
				D85DB956B10182044A4D97A1 /* Pods */,
				70D12A274971795A067BBB14 /* Frameworks */,
				A031E4A5249EFD310030D08F /* Recovered References */,
			);
			sourceTree = "<group>";
		};
		04D763F620097D8D006CA589 /* Products */ = {
			isa = PBXGroup;
			children = (
				04D763F520097D8D006CA589 /* Calendar to Calendar.app */,
			);
			name = Products;
			sourceTree = "<group>";
		};
		04D763F720097D8D006CA589 /* Calendar to Calendar */ = {
			isa = PBXGroup;
			children = (
				A0949B1E29453A47009A2A9B /* BackgroundSync */,
				A051A6B529230D9E00541B0C /* Interactor */,
				A019F9F7291C898D00477074 /* View */,
				04B35DA121019718008DDDA2 /* Calendar to Calendar.entitlements */,
				04D2328F20FD4B1000C71C72 /* Images */,
				04D2328E20FD4AC600C71C72 /* Data Creators */,
				04D2328D20FD4AA100C71C72 /* Data Structures */,
				04D763F820097D8D006CA589 /* AppDelegate.swift */,
				04D7640420097D8D006CA589 /* Info.plist */,
			);
			path = "Calendar to Calendar";
			sourceTree = "<group>";
		};
		70D12A274971795A067BBB14 /* Frameworks */ = {
			isa = PBXGroup;
			children = (
				A07289BB212F899D00B72E53 /* StoreKit.framework */,
				04E1F508201010AC00EC2291 /* EventKit.framework */,
				F144E4611A9C784E2BA75393 /* Pods_Calendar_to_Calendar.framework */,
			);
			name = Frameworks;
			sourceTree = "<group>";
		};
		A019F9F7291C898D00477074 /* View */ = {
			isa = PBXGroup;
			children = (
				A051A69E291EA69200541B0C /* DesignSystem */,
				A019F9F8291C899B00477074 /* EventListView.swift */,
				A051A69C291DD6CD00541B0C /* EventRequestView.swift */,
				A051A6AB291EF96100541B0C /* EventRequestingView.swift */,
				A051A6AD291F057C00541B0C /* MainView.swift */,
				A051A6AF291F064C00541B0C /* LoginScreen.swift */,
				A051A6B1291FF28E00541B0C /* ExportFlowLandingPage.swift */,
				A051A6BC2936ECD100541B0C /* OnboardingViews.swift */,
			);
			path = View;
			sourceTree = "<group>";
		};
		A031E4A5249EFD310030D08F /* Recovered References */ = {
			isa = PBXGroup;
			children = (
				A07289BF212F8D3900B72E53 /* AdFreeDelegate.swift */,
			);
			name = "Recovered References";
			sourceTree = "<group>";
		};
		A051A69E291EA69200541B0C /* DesignSystem */ = {
			isa = PBXGroup;
			children = (
				A019F9FA291CA0B900477074 /* BottomSheet.swift */,
				A051A69F291EA6A300541B0C /* CircularButton.swift */,
				A051A6A1291EA78000541B0C /* LabelHeader.swift */,
				A051A6A3291EA7A300541B0C /* ConfigurationRow.swift */,
				A051A6A5291EA7FE00541B0C /* DatePicker.swift */,
				A051A6A7291EA85200541B0C /* Toggle.swift */,
				A051A6A9291EA88700541B0C /* ConfigurationView.swift */,
				A051A6B82924549900541B0C /* BackgroundGradient.swift */,
				A051A6BA2936E93500541B0C /* EnvironmentValues+Color.swift */,
			);
			path = DesignSystem;
			sourceTree = "<group>";
		};
		A051A6B529230D9E00541B0C /* Interactor */ = {
			isa = PBXGroup;
			children = (
				A051A6B629230DB200541B0C /* EventSaver.swift */,
				A051A6BE2939A01E00541B0C /* EventSorter.swift */,
			);
			path = Interactor;
			sourceTree = "<group>";
		};
		A0949B1E29453A47009A2A9B /* BackgroundSync */ = {
			isa = PBXGroup;
			children = (
				A0949B1F29453A60009A2A9B /* BackgroundSyncRequest.swift */,
				A0949B2129453B17009A2A9B /* BackgroundSyncPerformer.swift */,
				A0949B2329453C58009A2A9B /* BackgroundSyncSaver.swift */,
			);
			path = BackgroundSync;
			sourceTree = "<group>";
		};
		D85DB956B10182044A4D97A1 /* Pods */ = {
			isa = PBXGroup;
			children = (
				F8D8F50314E05242887E9956 /* Pods-QuickstartApp.debug.xcconfig */,
				CA37D7C2630204D34F8510B9 /* Pods-QuickstartApp.release.xcconfig */,
				783B112BEE4ADF0B25397DF0 /* Pods-Calendar to Calendar.debug.xcconfig */,
				F6FE0580215CCAE3D3DF0619 /* Pods-Calendar to Calendar.release.xcconfig */,
			);
			name = Pods;
			sourceTree = "<group>";
		};
/* End PBXGroup section */

/* Begin PBXNativeTarget section */
		04D763F420097D8D006CA589 /* Calendar to Calendar */ = {
			isa = PBXNativeTarget;
			buildConfigurationList = 04D7640720097D8D006CA589 /* Build configuration list for PBXNativeTarget "Calendar to Calendar" */;
			buildPhases = (
				63BF7C504D945EFA94823C4B /* [CP] Check Pods Manifest.lock */,
				04D763F120097D8D006CA589 /* Sources */,
				04D763F220097D8D006CA589 /* Frameworks */,
				04D763F320097D8D006CA589 /* Resources */,
				406CDDE36540A718331DD2F2 /* [CP] Embed Pods Frameworks */,
				04B088D92091514400FACE03 /* Run Script */,
			);
			buildRules = (
			);
			dependencies = (
			);
			name = "Calendar to Calendar";
			packageProductDependencies = (
				A0590BFD293AEAE200EC8720 /* GoogleSignInSwift */,
				A0590BFF293AEC4500EC8720 /* GoogleSignIn */,
			);
			productName = QuickstartApp;
			productReference = 04D763F520097D8D006CA589 /* Calendar to Calendar.app */;
			productType = "com.apple.product-type.application";
		};
/* End PBXNativeTarget section */

/* Begin PBXProject section */
		04D763ED20097D8D006CA589 /* Project object */ = {
			isa = PBXProject;
			attributes = {
				LastSwiftUpdateCheck = 0920;
				LastUpgradeCheck = 1410;
				ORGANIZATIONNAME = "Jack Rosen";
				TargetAttributes = {
					04D763F420097D8D006CA589 = {
						CreatedOnToolsVersion = 9.2;
						LastSwiftMigration = 1020;
						ProvisioningStyle = Automatic;
						SystemCapabilities = {
							com.apple.InAppPurchase = {
								enabled = 1;
							};
							com.apple.Push = {
								enabled = 1;
							};
						};
					};
				};
			};
			buildConfigurationList = 04D763F020097D8D006CA589 /* Build configuration list for PBXProject "Calendar to Calendar" */;
			compatibilityVersion = "Xcode 8.0";
			developmentRegion = en;
			hasScannedForEncodings = 0;
			knownRegions = (
				en,
				Base,
			);
			mainGroup = 04D763EC20097D8D006CA589;
			packageReferences = (
				A0590BFC293AEAE200EC8720 /* XCRemoteSwiftPackageReference "GoogleSignIn-iOS" */,
			);
			productRefGroup = 04D763F620097D8D006CA589 /* Products */;
			projectDirPath = "";
			projectRoot = "";
			targets = (
				04D763F420097D8D006CA589 /* Calendar to Calendar */,
			);
		};
/* End PBXProject section */

/* Begin PBXResourcesBuildPhase section */
		04D763F320097D8D006CA589 /* Resources */ = {
			isa = PBXResourcesBuildPhase;
			buildActionMask = 2147483647;
			files = (
				04AC6F732032146B00ED80D9 /* Images.xcassets in Resources */,
				047A86CD2009A6FF005A46BF /* GoogleService-Info.plist in Resources */,
				049210E6203E632C007C324D /* arrow.png in Resources */,
			);
			runOnlyForDeploymentPostprocessing = 0;
		};
/* End PBXResourcesBuildPhase section */

/* Begin PBXShellScriptBuildPhase section */
		04B088D92091514400FACE03 /* Run Script */ = {
			isa = PBXShellScriptBuildPhase;
			buildActionMask = 8;
			files = (
			);
			inputPaths = (
			);
			name = "Run Script";
			outputPaths = (
			);
			runOnlyForDeploymentPostprocessing = 1;
			shellPath = /bin/sh;
			shellScript = "# Type a script or drag a script file from your workspace to insert its path.\n";
		};
		406CDDE36540A718331DD2F2 /* [CP] Embed Pods Frameworks */ = {
			isa = PBXShellScriptBuildPhase;
			buildActionMask = 2147483647;
			files = (
			);
			inputFileListPaths = (
				"${PODS_ROOT}/Target Support Files/Pods-Calendar to Calendar/Pods-Calendar to Calendar-frameworks-${CONFIGURATION}-input-files.xcfilelist",
			);
			name = "[CP] Embed Pods Frameworks";
			outputFileListPaths = (
				"${PODS_ROOT}/Target Support Files/Pods-Calendar to Calendar/Pods-Calendar to Calendar-frameworks-${CONFIGURATION}-output-files.xcfilelist",
			);
			runOnlyForDeploymentPostprocessing = 0;
			shellPath = /bin/sh;
			shellScript = "\"${PODS_ROOT}/Target Support Files/Pods-Calendar to Calendar/Pods-Calendar to Calendar-frameworks.sh\"\n";
			showEnvVarsInLog = 0;
		};
		63BF7C504D945EFA94823C4B /* [CP] Check Pods Manifest.lock */ = {
			isa = PBXShellScriptBuildPhase;
			buildActionMask = 2147483647;
			files = (
			);
			inputPaths = (
				"${PODS_PODFILE_DIR_PATH}/Podfile.lock",
				"${PODS_ROOT}/Manifest.lock",
			);
			name = "[CP] Check Pods Manifest.lock";
			outputPaths = (
				"$(DERIVED_FILE_DIR)/Pods-Calendar to Calendar-checkManifestLockResult.txt",
			);
			runOnlyForDeploymentPostprocessing = 0;
			shellPath = /bin/sh;
			shellScript = "diff \"${PODS_PODFILE_DIR_PATH}/Podfile.lock\" \"${PODS_ROOT}/Manifest.lock\" > /dev/null\nif [ $? != 0 ] ; then\n    # print error to STDERR\n    echo \"error: The sandbox is not in sync with the Podfile.lock. Run 'pod install' or update your CocoaPods installation.\" >&2\n    exit 1\nfi\n# This output is used by Xcode 'outputs' to avoid re-running this script phase.\necho \"SUCCESS\" > \"${SCRIPT_OUTPUT_FILE_0}\"\n";
			showEnvVarsInLog = 0;
		};
/* End PBXShellScriptBuildPhase section */

/* Begin PBXSourcesBuildPhase section */
		04D763F120097D8D006CA589 /* Sources */ = {
			isa = PBXSourcesBuildPhase;
			buildActionMask = 2147483647;
			files = (
				A031E4B1249F01960030D08F /* OutlookInteractor.swift in Sources */,
				A031E4AF249F01810030D08F /* Calendar.swift in Sources */,
				A051A6B92924549900541B0C /* BackgroundGradient.swift in Sources */,
				A031E4AB249F01410030D08F /* AppDelegate.swift in Sources */,
				A051A6AE291F057C00541B0C /* MainView.swift in Sources */,
				A051A6A4291EA7A300541B0C /* ConfigurationRow.swift in Sources */,
				A051A69D291DD6CD00541B0C /* EventRequestView.swift in Sources */,
				A019F9FB291CA0B900477074 /* BottomSheet.swift in Sources */,
				A019F9F9291C899B00477074 /* EventListView.swift in Sources */,
				A031E4A7249F01040030D08F /* Event.swift in Sources */,
				A0298D15227A069B000C5BBE /* CurrentServer.swift in Sources */,
				04A7B3512123AAA80026E954 /* CalendarInteractor.swift in Sources */,
				A0949B2029453A60009A2A9B /* BackgroundSyncRequest.swift in Sources */,
				A051A6BF2939A01E00541B0C /* EventSorter.swift in Sources */,
				A051A6BB2936E93600541B0C /* EnvironmentValues+Color.swift in Sources */,
				04F2A46A20E58F52003605A9 /* GoogleInteractor.swift in Sources */,
				A051A6B0291F064C00541B0C /* LoginScreen.swift in Sources */,
				A051A6AA291EA88700541B0C /* ConfigurationView.swift in Sources */,
				A051A6A6291EA7FE00541B0C /* DatePicker.swift in Sources */,
				A051A6B729230DB300541B0C /* EventSaver.swift in Sources */,
				A051A6AC291EF96100541B0C /* EventRequestingView.swift in Sources */,
				A051A6BD2936ECD100541B0C /* OnboardingViews.swift in Sources */,
				A051A6B2291FF28E00541B0C /* ExportFlowLandingPage.swift in Sources */,
				A051A6A2291EA78000541B0C /* LabelHeader.swift in Sources */,
				A051A6A8291EA85200541B0C /* Toggle.swift in Sources */,
				A0949B2229453B17009A2A9B /* BackgroundSyncPerformer.swift in Sources */,
				A0949B2429453C58009A2A9B /* BackgroundSyncSaver.swift in Sources */,
				A051A6A0291EA6A300541B0C /* CircularButton.swift in Sources */,
			);
			runOnlyForDeploymentPostprocessing = 0;
		};
/* End PBXSourcesBuildPhase section */

/* Begin XCBuildConfiguration section */
		04D7640520097D8D006CA589 /* Debug */ = {
			isa = XCBuildConfiguration;
			buildSettings = {
				ALWAYS_SEARCH_USER_PATHS = NO;
				CLANG_ANALYZER_NONNULL = YES;
				CLANG_ANALYZER_NUMBER_OBJECT_CONVERSION = YES_AGGRESSIVE;
				CLANG_CXX_LANGUAGE_STANDARD = "gnu++14";
				CLANG_CXX_LIBRARY = "libc++";
				CLANG_ENABLE_MODULES = YES;
				CLANG_ENABLE_OBJC_ARC = YES;
				CLANG_WARN_BLOCK_CAPTURE_AUTORELEASING = YES;
				CLANG_WARN_BOOL_CONVERSION = YES;
				CLANG_WARN_COMMA = YES;
				CLANG_WARN_CONSTANT_CONVERSION = YES;
				CLANG_WARN_DEPRECATED_OBJC_IMPLEMENTATIONS = YES;
				CLANG_WARN_DIRECT_OBJC_ISA_USAGE = YES_ERROR;
				CLANG_WARN_DOCUMENTATION_COMMENTS = YES;
				CLANG_WARN_EMPTY_BODY = YES;
				CLANG_WARN_ENUM_CONVERSION = YES;
				CLANG_WARN_INFINITE_RECURSION = YES;
				CLANG_WARN_INT_CONVERSION = YES;
				CLANG_WARN_NON_LITERAL_NULL_CONVERSION = YES;
				CLANG_WARN_OBJC_IMPLICIT_RETAIN_SELF = YES;
				CLANG_WARN_OBJC_LITERAL_CONVERSION = YES;
				CLANG_WARN_OBJC_ROOT_CLASS = YES_ERROR;
				CLANG_WARN_QUOTED_INCLUDE_IN_FRAMEWORK_HEADER = YES;
				CLANG_WARN_RANGE_LOOP_ANALYSIS = YES;
				CLANG_WARN_STRICT_PROTOTYPES = YES;
				CLANG_WARN_SUSPICIOUS_MOVE = YES;
				CLANG_WARN_UNGUARDED_AVAILABILITY = YES_AGGRESSIVE;
				CLANG_WARN_UNREACHABLE_CODE = YES;
				CLANG_WARN__DUPLICATE_METHOD_MATCH = YES;
				CODE_SIGN_IDENTITY = "iPhone Developer";
				COPY_PHASE_STRIP = NO;
				DEBUG_INFORMATION_FORMAT = dwarf;
				ENABLE_STRICT_OBJC_MSGSEND = YES;
				ENABLE_TESTABILITY = YES;
				GCC_C_LANGUAGE_STANDARD = gnu11;
				GCC_DYNAMIC_NO_PIC = NO;
				GCC_NO_COMMON_BLOCKS = YES;
				GCC_OPTIMIZATION_LEVEL = 0;
				GCC_PREPROCESSOR_DEFINITIONS = (
					"DEBUG=1",
					"$(inherited)",
				);
				GCC_WARN_64_TO_32_BIT_CONVERSION = YES;
				GCC_WARN_ABOUT_RETURN_TYPE = YES_ERROR;
				GCC_WARN_UNDECLARED_SELECTOR = YES;
				GCC_WARN_UNINITIALIZED_AUTOS = YES_AGGRESSIVE;
				GCC_WARN_UNUSED_FUNCTION = YES;
				GCC_WARN_UNUSED_VARIABLE = YES;
				IPHONEOS_DEPLOYMENT_TARGET = 14.0;
				MTL_ENABLE_DEBUG_INFO = YES;
				ONLY_ACTIVE_ARCH = YES;
				SDKROOT = iphoneos;
				SWIFT_ACTIVE_COMPILATION_CONDITIONS = DEBUG;
				SWIFT_OPTIMIZATION_LEVEL = "-Onone";
			};
			name = Debug;
		};
		04D7640620097D8D006CA589 /* Release */ = {
			isa = XCBuildConfiguration;
			buildSettings = {
				ALWAYS_SEARCH_USER_PATHS = NO;
				CLANG_ANALYZER_NONNULL = YES;
				CLANG_ANALYZER_NUMBER_OBJECT_CONVERSION = YES_AGGRESSIVE;
				CLANG_CXX_LANGUAGE_STANDARD = "gnu++14";
				CLANG_CXX_LIBRARY = "libc++";
				CLANG_ENABLE_MODULES = YES;
				CLANG_ENABLE_OBJC_ARC = YES;
				CLANG_WARN_BLOCK_CAPTURE_AUTORELEASING = YES;
				CLANG_WARN_BOOL_CONVERSION = YES;
				CLANG_WARN_COMMA = YES;
				CLANG_WARN_CONSTANT_CONVERSION = YES;
				CLANG_WARN_DEPRECATED_OBJC_IMPLEMENTATIONS = YES;
				CLANG_WARN_DIRECT_OBJC_ISA_USAGE = YES_ERROR;
				CLANG_WARN_DOCUMENTATION_COMMENTS = YES;
				CLANG_WARN_EMPTY_BODY = YES;
				CLANG_WARN_ENUM_CONVERSION = YES;
				CLANG_WARN_INFINITE_RECURSION = YES;
				CLANG_WARN_INT_CONVERSION = YES;
				CLANG_WARN_NON_LITERAL_NULL_CONVERSION = YES;
				CLANG_WARN_OBJC_IMPLICIT_RETAIN_SELF = YES;
				CLANG_WARN_OBJC_LITERAL_CONVERSION = YES;
				CLANG_WARN_OBJC_ROOT_CLASS = YES_ERROR;
				CLANG_WARN_QUOTED_INCLUDE_IN_FRAMEWORK_HEADER = YES;
				CLANG_WARN_RANGE_LOOP_ANALYSIS = YES;
				CLANG_WARN_STRICT_PROTOTYPES = YES;
				CLANG_WARN_SUSPICIOUS_MOVE = YES;
				CLANG_WARN_UNGUARDED_AVAILABILITY = YES_AGGRESSIVE;
				CLANG_WARN_UNREACHABLE_CODE = YES;
				CLANG_WARN__DUPLICATE_METHOD_MATCH = YES;
				CODE_SIGN_IDENTITY = "iPhone Developer";
				COPY_PHASE_STRIP = NO;
				DEBUG_INFORMATION_FORMAT = "dwarf-with-dsym";
				ENABLE_NS_ASSERTIONS = NO;
				ENABLE_STRICT_OBJC_MSGSEND = YES;
				GCC_C_LANGUAGE_STANDARD = gnu11;
				GCC_NO_COMMON_BLOCKS = YES;
				GCC_WARN_64_TO_32_BIT_CONVERSION = YES;
				GCC_WARN_ABOUT_RETURN_TYPE = YES_ERROR;
				GCC_WARN_UNDECLARED_SELECTOR = YES;
				GCC_WARN_UNINITIALIZED_AUTOS = YES_AGGRESSIVE;
				GCC_WARN_UNUSED_FUNCTION = YES;
				GCC_WARN_UNUSED_VARIABLE = YES;
				IPHONEOS_DEPLOYMENT_TARGET = 14.0;
				MTL_ENABLE_DEBUG_INFO = NO;
				SDKROOT = iphoneos;
				SWIFT_COMPILATION_MODE = wholemodule;
				SWIFT_OPTIMIZATION_LEVEL = "-O";
				VALIDATE_PRODUCT = YES;
			};
			name = Release;
		};
		04D7640820097D8D006CA589 /* Debug */ = {
			isa = XCBuildConfiguration;
			baseConfigurationReference = 783B112BEE4ADF0B25397DF0 /* Pods-Calendar to Calendar.debug.xcconfig */;
			buildSettings = {
				ASSETCATALOG_COMPILER_APPICON_NAME = "AppIcon-1";
				CODE_SIGN_ENTITLEMENTS = "Calendar to Calendar/Calendar to Calendar.entitlements";
				CODE_SIGN_IDENTITY = "iPhone Developer";
				CODE_SIGN_STYLE = Automatic;
				DEVELOPMENT_TEAM = SCB9RTL9PP;
				GENERATE_PROFILING_CODE = YES;
				INFOPLIST_FILE = "$(SRCROOT)/Calendar to Calendar/Info.plist";
				INFOPLIST_KEY_CFBundleDisplayName = "Calendar to Calendar";
				INFOPLIST_KEY_LSApplicationCategoryType = "public.app-category.utilities";
				INFOPLIST_KEY_UILaunchScreen_Generation = YES;
				IPHONEOS_DEPLOYMENT_TARGET = 15.0;
				LD_RUNPATH_SEARCH_PATHS = (
					"$(inherited)",
					"@executable_path/Frameworks",
				);
				MARKETING_VERSION = 3.0;
				PRODUCT_BUNDLE_IDENTIFIER = com.JackRosen.calendartocalendar;
				PRODUCT_NAME = "$(TARGET_NAME)";
				SWIFT_VERSION = 5.0;
				TARGETED_DEVICE_FAMILY = 1;
			};
			name = Debug;
		};
		04D7640920097D8D006CA589 /* Release */ = {
			isa = XCBuildConfiguration;
			baseConfigurationReference = F6FE0580215CCAE3D3DF0619 /* Pods-Calendar to Calendar.release.xcconfig */;
			buildSettings = {
				ASSETCATALOG_COMPILER_APPICON_NAME = "AppIcon-1";
				CODE_SIGN_ENTITLEMENTS = "Calendar to Calendar/Calendar to Calendar.entitlements";
				CODE_SIGN_IDENTITY = "iPhone Developer";
				CODE_SIGN_STYLE = Automatic;
				DEVELOPMENT_TEAM = SCB9RTL9PP;
				GENERATE_PROFILING_CODE = YES;
				INFOPLIST_FILE = "$(SRCROOT)/Calendar to Calendar/Info.plist";
				INFOPLIST_KEY_CFBundleDisplayName = "Calendar to Calendar";
				INFOPLIST_KEY_LSApplicationCategoryType = "public.app-category.utilities";
				INFOPLIST_KEY_UILaunchScreen_Generation = YES;
				IPHONEOS_DEPLOYMENT_TARGET = 15.0;
				LD_RUNPATH_SEARCH_PATHS = (
					"$(inherited)",
					"@executable_path/Frameworks",
				);
				MARKETING_VERSION = 3.0;
				PRODUCT_BUNDLE_IDENTIFIER = com.JackRosen.calendartocalendar;
				PRODUCT_NAME = "$(TARGET_NAME)";
				SWIFT_VERSION = 5.0;
				TARGETED_DEVICE_FAMILY = 1;
			};
			name = Release;
		};
/* End XCBuildConfiguration section */

/* Begin XCConfigurationList section */
		04D763F020097D8D006CA589 /* Build configuration list for PBXProject "Calendar to Calendar" */ = {
			isa = XCConfigurationList;
			buildConfigurations = (
				04D7640520097D8D006CA589 /* Debug */,
				04D7640620097D8D006CA589 /* Release */,
			);
			defaultConfigurationIsVisible = 0;
			defaultConfigurationName = Release;
		};
		04D7640720097D8D006CA589 /* Build configuration list for PBXNativeTarget "Calendar to Calendar" */ = {
			isa = XCConfigurationList;
			buildConfigurations = (
				04D7640820097D8D006CA589 /* Debug */,
				04D7640920097D8D006CA589 /* Release */,
			);
			defaultConfigurationIsVisible = 0;
			defaultConfigurationName = Release;
		};
/* End XCConfigurationList section */

/* Begin XCRemoteSwiftPackageReference section */
		A0590BFC293AEAE200EC8720 /* XCRemoteSwiftPackageReference "GoogleSignIn-iOS" */ = {
			isa = XCRemoteSwiftPackageReference;
			repositoryURL = "https://github.com/google/GoogleSignIn-iOS";
			requirement = {
				kind = upToNextMajorVersion;
				minimumVersion = 6.0.0;
			};
		};
/* End XCRemoteSwiftPackageReference section */

/* Begin XCSwiftPackageProductDependency section */
		A0590BFD293AEAE200EC8720 /* GoogleSignInSwift */ = {
			isa = XCSwiftPackageProductDependency;
			package = A0590BFC293AEAE200EC8720 /* XCRemoteSwiftPackageReference "GoogleSignIn-iOS" */;
			productName = GoogleSignInSwift;
		};
		A0590BFF293AEC4500EC8720 /* GoogleSignIn */ = {
			isa = XCSwiftPackageProductDependency;
			package = A0590BFC293AEAE200EC8720 /* XCRemoteSwiftPackageReference "GoogleSignIn-iOS" */;
			productName = GoogleSignIn;
		};
/* End XCSwiftPackageProductDependency section */
	};
	rootObject = 04D763ED20097D8D006CA589 /* Project object */;
}
